
Microsoft Visual Studio Solution File, Format Version 12.00
# Visual Studio Version 17
VisualStudioVersion = 17.2.32630.192
MinimumVisualStudioVersion = 10.0.40219.1
Project("{9A19103F-16F7-4668-BE54-9A1E7A4F7556}") = "WebAppDETAug2022", "WebAppDETAug2022\WebAppDETAug2022.csproj", "{738725FA-2467-43BE-9747-9A761461C68D}"
EndProject
Project("{9A19103F-16F7-4668-BE54-9A1E7A4F7556}") = "MVCDemo", "MVCDemo\MVCDemo.csproj", "{719E9B42-32C8-4C5D-9183-F8C6ABE21A85}"
EndProject
Project("{9A19103F-16F7-4668-BE54-9A1E7A4F7556}") = "ContosoUniversity", "ContosoUniversity\ContosoUniversity.csproj", "{46F76D6A-E832-49C9-A808-703793B714D0}"
EndProject
Project("{9A19103F-16F7-4668-BE54-9A1E7A4F7556}") = "APIDemo", "APIDemo\APIDemo.csproj", "{260F7866-475B-4022-B600-6287B42D8D23}"
EndProject
Project("{9A19103F-16F7-4668-BE54-9A1E7A4F7556}") = "ConsoleAPIClient", "ConsoleAPIClient\ConsoleAPIClient.csproj", "{F2D425A8-2F7F-4BCC-BE8C-F4B59108C967}"
EndProject
Project("{9A19103F-16F7-4668-BE54-9A1E7A4F7556}") = "Bank", "Bank\Bank.csproj", "{443CF16A-B51F-4852-A387-8D22540F7B60}"
EndProject
Project("{9A19103F-16F7-4668-BE54-9A1E7A4F7556}") = "BankTests", "BankTests\BankTests.csproj", "{DD804C17-5062-4DFC-B1B7-2A891427BBDF}"
EndProject
Project("{9A19103F-16F7-4668-BE54-9A1E7A4F7556}") = "TestPizza", "TestPizza\TestPizza.csproj", "{10F70E32-FD91-43D1-89BD-4E3E91014041}"
EndProject
Project("{FAE04EC0-301F-11D3-BF4B-00C04F79EFBC}") = "TDDDemo", "TDDDemo\TDDDemo.csproj", "{8CEFA67A-CE9D-4FF8-9C2E-DB1DC2F32CB2}"
EndProject
Project("{FAE04EC0-301F-11D3-BF4B-00C04F79EFBC}") = "LibraryAPI", "LibraryAPI\LibraryAPI.csproj", "{5D04A532-3AC9-4D59-8335-FD75D453C47B}"
EndProject
Project("{FAE04EC0-301F-11D3-BF4B-00C04F79EFBC}") = "BooksControllerTest", "BooksControllerTest\BooksControllerTest.csproj", "{58BFD1A8-7A5E-4CC3-9A4E-2B97FD1EF96B}"
EndProject
Global
	GlobalSection(SolutionConfigurationPlatforms) = preSolution
		Debug|Any CPU = Debug|Any CPU
		Release|Any CPU = Release|Any CPU
	EndGlobalSection
	GlobalSection(ProjectConfigurationPlatforms) = postSolution
		{738725FA-2467-43BE-9747-9A761461C68D}.Debug|Any CPU.ActiveCfg = Debug|Any CPU
		{738725FA-2467-43BE-9747-9A761461C68D}.Debug|Any CPU.Build.0 = Debug|Any CPU
		{738725FA-2467-43BE-9747-9A761461C68D}.Release|Any CPU.ActiveCfg = Release|Any CPU
		{738725FA-2467-43BE-9747-9A761461C68D}.Release|Any CPU.Build.0 = Release|Any CPU
		{719E9B42-32C8-4C5D-9183-F8C6ABE21A85}.Debug|Any CPU.ActiveCfg = Debug|Any CPU
		{719E9B42-32C8-4C5D-9183-F8C6ABE21A85}.Debug|Any CPU.Build.0 = Debug|Any CPU
		{719E9B42-32C8-4C5D-9183-F8C6ABE21A85}.Release|Any CPU.ActiveCfg = Release|Any CPU
		{719E9B42-32C8-4C5D-9183-F8C6ABE21A85}.Release|Any CPU.Build.0 = Release|Any CPU
		{46F76D6A-E832-49C9-A808-703793B714D0}.Debug|Any CPU.ActiveCfg = Debug|Any CPU
		{46F76D6A-E832-49C9-A808-703793B714D0}.Debug|Any CPU.Build.0 = Debug|Any CPU
		{46F76D6A-E832-49C9-A808-703793B714D0}.Release|Any CPU.ActiveCfg = Release|Any CPU
		{46F76D6A-E832-49C9-A808-703793B714D0}.Release|Any CPU.Build.0 = Release|Any CPU
		{260F7866-475B-4022-B600-6287B42D8D23}.Debug|Any CPU.ActiveCfg = Debug|Any CPU
		{260F7866-475B-4022-B600-6287B42D8D23}.Debug|Any CPU.Build.0 = Debug|Any CPU
		{260F7866-475B-4022-B600-6287B42D8D23}.Release|Any CPU.ActiveCfg = Release|Any CPU
		{260F7866-475B-4022-B600-6287B42D8D23}.Release|Any CPU.Build.0 = Release|Any CPU
		{F2D425A8-2F7F-4BCC-BE8C-F4B59108C967}.Debug|Any CPU.ActiveCfg = Debug|Any CPU
		{F2D425A8-2F7F-4BCC-BE8C-F4B59108C967}.Debug|Any CPU.Build.0 = Debug|Any CPU
		{F2D425A8-2F7F-4BCC-BE8C-F4B59108C967}.Release|Any CPU.ActiveCfg = Release|Any CPU
		{F2D425A8-2F7F-4BCC-BE8C-F4B59108C967}.Release|Any CPU.Build.0 = Release|Any CPU
		{443CF16A-B51F-4852-A387-8D22540F7B60}.Debug|Any CPU.ActiveCfg = Debug|Any CPU
		{443CF16A-B51F-4852-A387-8D22540F7B60}.Debug|Any CPU.Build.0 = Debug|Any CPU
		{443CF16A-B51F-4852-A387-8D22540F7B60}.Release|Any CPU.ActiveCfg = Release|Any CPU
		{443CF16A-B51F-4852-A387-8D22540F7B60}.Release|Any CPU.Build.0 = Release|Any CPU
		{DD804C17-5062-4DFC-B1B7-2A891427BBDF}.Debug|Any CPU.ActiveCfg = Debug|Any CPU
		{DD804C17-5062-4DFC-B1B7-2A891427BBDF}.Debug|Any CPU.Build.0 = Debug|Any CPU
		{DD804C17-5062-4DFC-B1B7-2A891427BBDF}.Release|Any CPU.ActiveCfg = Release|Any CPU
		{DD804C17-5062-4DFC-B1B7-2A891427BBDF}.Release|Any CPU.Build.0 = Release|Any CPU
		{10F70E32-FD91-43D1-89BD-4E3E91014041}.Debug|Any CPU.ActiveCfg = Debug|Any CPU
		{10F70E32-FD91-43D1-89BD-4E3E91014041}.Debug|Any CPU.Build.0 = Debug|Any CPU
		{10F70E32-FD91-43D1-89BD-4E3E91014041}.Release|Any CPU.ActiveCfg = Release|Any CPU
		{10F70E32-FD91-43D1-89BD-4E3E91014041}.Release|Any CPU.Build.0 = Release|Any CPU
		{8CEFA67A-CE9D-4FF8-9C2E-DB1DC2F32CB2}.Debug|Any CPU.ActiveCfg = Debug|Any CPU
		{8CEFA67A-CE9D-4FF8-9C2E-DB1DC2F32CB2}.Debug|Any CPU.Build.0 = Debug|Any CPU
		{8CEFA67A-CE9D-4FF8-9C2E-DB1DC2F32CB2}.Release|Any CPU.ActiveCfg = Release|Any CPU
		{8CEFA67A-CE9D-4FF8-9C2E-DB1DC2F32CB2}.Release|Any CPU.Build.0 = Release|Any CPU
		{5D04A532-3AC9-4D59-8335-FD75D453C47B}.Debug|Any CPU.ActiveCfg = Debug|Any CPU
		{5D04A532-3AC9-4D59-8335-FD75D453C47B}.Debug|Any CPU.Build.0 = Debug|Any CPU
		{5D04A532-3AC9-4D59-8335-FD75D453C47B}.Release|Any CPU.ActiveCfg = Release|Any CPU
		{5D04A532-3AC9-4D59-8335-FD75D453C47B}.Release|Any CPU.Build.0 = Release|Any CPU
		{58BFD1A8-7A5E-4CC3-9A4E-2B97FD1EF96B}.Debug|Any CPU.ActiveCfg = Debug|Any CPU
		{58BFD1A8-7A5E-4CC3-9A4E-2B97FD1EF96B}.Debug|Any CPU.Build.0 = Debug|Any CPU
		{58BFD1A8-7A5E-4CC3-9A4E-2B97FD1EF96B}.Release|Any CPU.ActiveCfg = Release|Any CPU
		{58BFD1A8-7A5E-4CC3-9A4E-2B97FD1EF96B}.Release|Any CPU.Build.0 = Release|Any CPU
	EndGlobalSection
	GlobalSection(SolutionProperties) = preSolution
		HideSolutionNode = FALSE
	EndGlobalSection
	GlobalSection(ExtensibilityGlobals) = postSolution
		SolutionGuid = {83B48BFD-0BD0-4734-A32E-3E4F9FE54C39}
	EndGlobalSection
EndGlobal
